<?xml version="1.0" encoding="utf-8"?>
<Project ToolsVersion="4.0" xmlns="http://schemas.microsoft.com/developer/msbuild/2003">
  <ItemGroup>
    <Filter Include="ソース ファイル">
      <UniqueIdentifier>{4FC737F1-C7A5-4376-A066-2A32D752A2FF}</UniqueIdentifier>
      <Extensions>cpp;c;cc;cxx;def;odl;idl;hpj;bat;asm;asmx</Extensions>
    </Filter>
    <Filter Include="ヘッダー ファイル">
      <UniqueIdentifier>{93995380-89BD-4b04-88EB-625FBE52EBFB}</UniqueIdentifier>
      <Extensions>h;hh;hpp;hxx;hm;inl;inc;ipp;xsd</Extensions>
    </Filter>
    <Filter Include="リソース ファイル">
      <UniqueIdentifier>{67DA6AB6-F800-4c08-8B7A-83BB121AAD01}</UniqueIdentifier>
      <Extensions>rc;ico;cur;bmp;dlg;rc2;rct;bin;rgs;gif;jpg;jpeg;jpe;resx;tiff;tif;png;wav;mfcribbon-ms</Extensions>
    </Filter>
    <Filter Include="ソース ファイル\scene">
      <UniqueIdentifier>{8b6545ba-1006-43d7-a620-ad392042dd4a}</UniqueIdentifier>
    </Filter>
    <Filter Include="ソース ファイル\game_object">
      <UniqueIdentifier>{fbbdaee3-7252-4ceb-98da-b0b943ad0242}</UniqueIdentifier>
    </Filter>
    <Filter Include="ソース ファイル\system">
      <UniqueIdentifier>{3cf7bb44-c8b3-4b59-ad9e-ce890faf8120}</UniqueIdentifier>
    </Filter>
    <Filter Include="ソース ファイル\shader">
      <UniqueIdentifier>{11f58da6-bdbf-448e-9bf7-12a2df8231a8}</UniqueIdentifier>
    </Filter>
    <Filter Include="ソース ファイル\other">
      <UniqueIdentifier>{66206584-249a-45d9-9126-976fc4909433}</UniqueIdentifier>
    </Filter>
    <Filter Include="ソース ファイル\myInput">
      <UniqueIdentifier>{3717662c-5cb7-49d6-b673-62b112ed07cd}</UniqueIdentifier>
    </Filter>
    <Filter Include="ソース ファイル\debug">
      <UniqueIdentifier>{aedcf217-fb14-4458-8428-99bab19bb5e5}</UniqueIdentifier>
    </Filter>
    <Filter Include="ソース ファイル\game_object\player">
      <UniqueIdentifier>{0224db18-554b-4365-9f95-e76c2bd5a7e2}</UniqueIdentifier>
    </Filter>
    <Filter Include="ソース ファイル\ImGui">
      <UniqueIdentifier>{bd89bf39-9311-4f16-9f55-e1e877b16496}</UniqueIdentifier>
    </Filter>
    <Filter Include="ソース ファイル\game_object\light">
      <UniqueIdentifier>{b3d3c09d-adc1-4078-a28c-c784dfa3b38d}</UniqueIdentifier>
    </Filter>
  </ItemGroup>
  <ItemGroup>
    <ClInclude Include="camera.h">
      <Filter>ソース ファイル\game_object</Filter>
    </ClInclude>
    <ClInclude Include="field.h">
      <Filter>ソース ファイル\game_object</Filter>
    </ClInclude>
    <ClInclude Include="gameobject.h">
      <Filter>ソース ファイル\game_object</Filter>
    </ClInclude>
    <ClInclude Include="model.h">
      <Filter>ソース ファイル\game_object</Filter>
    </ClInclude>
    <ClInclude Include="main.h">
      <Filter>ソース ファイル\system</Filter>
    </ClInclude>
    <ClInclude Include="manager.h">
      <Filter>ソース ファイル\system</Filter>
    </ClInclude>
    <ClInclude Include="renderer.h">
      <Filter>ソース ファイル\system</Filter>
    </ClInclude>
    <ClInclude Include="scene.h">
      <Filter>ソース ファイル\scene</Filter>
    </ClInclude>
    <ClInclude Include="enemy.h">
      <Filter>ソース ファイル\game_object</Filter>
    </ClInclude>
    <ClInclude Include="bullet.h">
      <Filter>ソース ファイル\game_object</Filter>
    </ClInclude>
    <ClInclude Include="explosion.h">
      <Filter>ソース ファイル\game_object</Filter>
    </ClInclude>
    <ClInclude Include="skybox.h">
      <Filter>ソース ファイル\game_object</Filter>
    </ClInclude>
    <ClInclude Include="collision.h">
      <Filter>ソース ファイル\other</Filter>
    </ClInclude>
    <ClInclude Include="rock.h">
      <Filter>ソース ファイル\game_object</Filter>
    </ClInclude>
    <ClInclude Include="enemyBullet.h">
      <Filter>ソース ファイル\game_object</Filter>
    </ClInclude>
    <ClInclude Include="random.h">
      <Filter>ソース ファイル\other</Filter>
    </ClInclude>
    <ClInclude Include="tree.h">
      <Filter>ソース ファイル\game_object</Filter>
    </ClInclude>
    <ClInclude Include="hp.h">
      <Filter>ソース ファイル\game_object</Filter>
    </ClInclude>
    <ClInclude Include="shadow.h">
      <Filter>ソース ファイル\game_object</Filter>
    </ClInclude>
    <ClInclude Include="title.h">
      <Filter>ソース ファイル\scene</Filter>
    </ClInclude>
    <ClInclude Include="result.h">
      <Filter>ソース ファイル\scene</Filter>
    </ClInclude>
    <ClInclude Include="game.h">
      <Filter>ソース ファイル\scene</Filter>
    </ClInclude>
    <ClInclude Include="audio.h">
      <Filter>ソース ファイル\game_object</Filter>
    </ClInclude>
    <ClInclude Include="singleton.h">
      <Filter>ソース ファイル\system</Filter>
    </ClInclude>
    <ClInclude Include="alignment.h">
      <Filter>ソース ファイル\system</Filter>
    </ClInclude>
    <ClInclude Include="sprite2D.h">
      <Filter>ソース ファイル\game_object</Filter>
    </ClInclude>
    <ClInclude Include="fade.h">
      <Filter>ソース ファイル\scene</Filter>
    </ClInclude>
    <ClInclude Include="directinput.h">
      <Filter>ソース ファイル\myInput</Filter>
    </ClInclude>
    <ClInclude Include="mouse.h">
      <Filter>ソース ファイル\myInput</Filter>
    </ClInclude>
    <ClInclude Include="gamePad.h">
      <Filter>ソース ファイル\myInput</Filter>
    </ClInclude>
    <ClInclude Include="input.h">
      <Filter>ソース ファイル\myInput</Filter>
    </ClInclude>
    <ClInclude Include="texture.h">
      <Filter>ソース ファイル\system</Filter>
    </ClInclude>
    <ClInclude Include="debugDraw.h">
      <Filter>ソース ファイル\other</Filter>
    </ClInclude>
    <ClInclude Include="mouseEvent.h">
      <Filter>ソース ファイル\myInput</Filter>
    </ClInclude>
    <ClInclude Include="mousePicker.h">
      <Filter>ソース ファイル\myInput</Filter>
    </ClInclude>
    <ClInclude Include="sphere.h">
      <Filter>ソース ファイル\debug</Filter>
    </ClInclude>
    <ClInclude Include="line.h">
      <Filter>ソース ファイル\debug</Filter>
    </ClInclude>
    <ClInclude Include="player.h">
      <Filter>ソース ファイル\game_object\player</Filter>
    </ClInclude>
    <ClInclude Include="airplane.h">
      <Filter>ソース ファイル\game_object\player</Filter>
    </ClInclude>
    <ClInclude Include="ImGui\imconfig.h">
      <Filter>ソース ファイル\ImGui</Filter>
    </ClInclude>
    <ClInclude Include="ImGui\imgui.h">
      <Filter>ソース ファイル\ImGui</Filter>
    </ClInclude>
    <ClInclude Include="ImGui\imgui_impl_dx11.h">
      <Filter>ソース ファイル\ImGui</Filter>
    </ClInclude>
    <ClInclude Include="ImGui\imgui_impl_win32.h">
      <Filter>ソース ファイル\ImGui</Filter>
    </ClInclude>
    <ClInclude Include="ImGui\imgui_internal.h">
      <Filter>ソース ファイル\ImGui</Filter>
    </ClInclude>
    <ClInclude Include="ImGui\imstb_rectpack.h">
      <Filter>ソース ファイル\ImGui</Filter>
    </ClInclude>
    <ClInclude Include="ImGui\imstb_textedit.h">
      <Filter>ソース ファイル\ImGui</Filter>
    </ClInclude>
    <ClInclude Include="ImGui\imstb_truetype.h">
      <Filter>ソース ファイル\ImGui</Filter>
    </ClInclude>
    <ClInclude Include="myGui.h">
      <Filter>ソース ファイル\system</Filter>
    </ClInclude>
    <ClInclude Include="shaderSample.h">
      <Filter>ソース ファイル\shader</Filter>
    </ClInclude>
    <ClInclude Include="meshField.h">
      <Filter>ソース ファイル\game_object</Filter>
    </ClInclude>
    <ClInclude Include="spotLight.h">
      <Filter>ソース ファイル\game_object\light</Filter>
    </ClInclude>
    <ClInclude Include="lightManager.h">
      <Filter>ソース ファイル\game_object\light</Filter>
    </ClInclude>
    <ClInclude Include="shadowDepthView.h">
      <Filter>ソース ファイル\game_object</Filter>
    </ClInclude>
  </ItemGroup>
  <ItemGroup>
    <ClCompile Include="camera.cpp">
      <Filter>ソース ファイル\game_object</Filter>
    </ClCompile>
    <ClCompile Include="field.cpp">
      <Filter>ソース ファイル\game_object</Filter>
    </ClCompile>
    <ClCompile Include="model.cpp">
      <Filter>ソース ファイル\game_object</Filter>
    </ClCompile>
    <ClCompile Include="main.cpp">
      <Filter>ソース ファイル\system</Filter>
    </ClCompile>
    <ClCompile Include="manager.cpp">
      <Filter>ソース ファイル\system</Filter>
    </ClCompile>
    <ClCompile Include="renderer.cpp">
      <Filter>ソース ファイル\system</Filter>
    </ClCompile>
    <ClCompile Include="enemy.cpp">
      <Filter>ソース ファイル\game_object</Filter>
    </ClCompile>
    <ClCompile Include="bullet.cpp">
      <Filter>ソース ファイル\game_object</Filter>
    </ClCompile>
    <ClCompile Include="explosion.cpp">
      <Filter>ソース ファイル\game_object</Filter>
    </ClCompile>
    <ClCompile Include="skybox.cpp">
      <Filter>ソース ファイル\game_object</Filter>
    </ClCompile>
    <ClCompile Include="collision.cpp">
      <Filter>ソース ファイル\other</Filter>
    </ClCompile>
    <ClCompile Include="rock.cpp">
      <Filter>ソース ファイル\game_object</Filter>
    </ClCompile>
    <ClCompile Include="enemyBullet.cpp">
      <Filter>ソース ファイル\game_object</Filter>
    </ClCompile>
    <ClCompile Include="random.cpp">
      <Filter>ソース ファイル\other</Filter>
    </ClCompile>
    <ClCompile Include="tree.cpp">
      <Filter>ソース ファイル\game_object</Filter>
    </ClCompile>
    <ClCompile Include="hp.cpp">
      <Filter>ソース ファイル\game_object</Filter>
    </ClCompile>
    <ClCompile Include="shadow.cpp">
      <Filter>ソース ファイル\game_object</Filter>
    </ClCompile>
    <ClCompile Include="game.cpp">
      <Filter>ソース ファイル\scene</Filter>
    </ClCompile>
    <ClCompile Include="title.cpp">
      <Filter>ソース ファイル\scene</Filter>
    </ClCompile>
    <ClCompile Include="result.cpp">
      <Filter>ソース ファイル\scene</Filter>
    </ClCompile>
    <ClCompile Include="audio.cpp">
      <Filter>ソース ファイル\game_object</Filter>
    </ClCompile>
    <ClCompile Include="gameobject.cpp">
      <Filter>ソース ファイル\game_object</Filter>
    </ClCompile>
    <ClCompile Include="sprite2D.cpp">
      <Filter>ソース ファイル\game_object</Filter>
    </ClCompile>
    <ClCompile Include="fade.cpp">
      <Filter>ソース ファイル\scene</Filter>
    </ClCompile>
    <ClCompile Include="directinput.cpp">
      <Filter>ソース ファイル\myInput</Filter>
    </ClCompile>
    <ClCompile Include="gamePad.cpp">
      <Filter>ソース ファイル\myInput</Filter>
    </ClCompile>
    <ClCompile Include="mouse.cpp">
      <Filter>ソース ファイル\myInput</Filter>
    </ClCompile>
    <ClCompile Include="input.cpp">
      <Filter>ソース ファイル\myInput</Filter>
    </ClCompile>
    <ClCompile Include="texture.cpp">
      <Filter>ソース ファイル\system</Filter>
    </ClCompile>
    <ClCompile Include="debugDraw.cpp">
      <Filter>ソース ファイル\other</Filter>
    </ClCompile>
    <ClCompile Include="mouseEvent.cpp">
      <Filter>ソース ファイル\myInput</Filter>
    </ClCompile>
    <ClCompile Include="mousePicker.cpp">
      <Filter>ソース ファイル\myInput</Filter>
    </ClCompile>
    <ClCompile Include="sphere.cpp">
      <Filter>ソース ファイル\debug</Filter>
    </ClCompile>
    <ClCompile Include="line.cpp">
      <Filter>ソース ファイル\debug</Filter>
    </ClCompile>
    <ClCompile Include="player.cpp">
      <Filter>ソース ファイル\game_object\player</Filter>
    </ClCompile>
    <ClCompile Include="airplane.cpp">
      <Filter>ソース ファイル\game_object\player</Filter>
    </ClCompile>
    <ClCompile Include="ImGui\imgui.cpp">
      <Filter>ソース ファイル\ImGui</Filter>
    </ClCompile>
    <ClCompile Include="ImGui\imgui_demo.cpp">
      <Filter>ソース ファイル\ImGui</Filter>
    </ClCompile>
    <ClCompile Include="ImGui\imgui_draw.cpp">
      <Filter>ソース ファイル\ImGui</Filter>
    </ClCompile>
    <ClCompile Include="ImGui\imgui_impl_dx11.cpp">
      <Filter>ソース ファイル\ImGui</Filter>
    </ClCompile>
    <ClCompile Include="ImGui\imgui_impl_win32.cpp">
      <Filter>ソース ファイル\ImGui</Filter>
    </ClCompile>
    <ClCompile Include="ImGui\imgui_tables.cpp">
      <Filter>ソース ファイル\ImGui</Filter>
    </ClCompile>
    <ClCompile Include="ImGui\imgui_widgets.cpp">
      <Filter>ソース ファイル\ImGui</Filter>
    </ClCompile>
    <ClCompile Include="myGui.cpp">
      <Filter>ソース ファイル\system</Filter>
    </ClCompile>
    <ClCompile Include="shaderSample.cpp">
      <Filter>ソース ファイル\shader</Filter>
    </ClCompile>
    <ClCompile Include="meshField.cpp">
      <Filter>ソース ファイル\game_object</Filter>
    </ClCompile>
    <ClCompile Include="spotLight.cpp">
      <Filter>ソース ファイル\game_object\light</Filter>
    </ClCompile>
    <ClCompile Include="lightManager.cpp">
      <Filter>ソース ファイル\game_object\light</Filter>
    </ClCompile>
    <ClCompile Include="shadowDepthView.cpp">
      <Filter>ソース ファイル\game_object</Filter>
    </ClCompile>
  </ItemGroup>
  <ItemGroup>
    <FxCompile Include="common.hlsl">
      <Filter>ソース ファイル\shader</Filter>
    </FxCompile>
    <FxCompile Include="unlitTexturePS.hlsl">
      <Filter>ソース ファイル\shader</Filter>
    </FxCompile>
    <FxCompile Include="unlitTextureVS.hlsl">
      <Filter>ソース ファイル\shader</Filter>
    </FxCompile>
    <FxCompile Include="vertexLightingPS.hlsl">
      <Filter>ソース ファイル\shader</Filter>
    </FxCompile>
    <FxCompile Include="vertexLightingVS.hlsl">
      <Filter>ソース ファイル\shader</Filter>
    </FxCompile>
    <FxCompile Include="pixelLightingPS.hlsl">
      <Filter>ソース ファイル\shader</Filter>
    </FxCompile>
    <FxCompile Include="pixelLightingVS.hlsl">
      <Filter>ソース ファイル\shader</Filter>
    </FxCompile>
    <FxCompile Include="rimLightingPS.hlsl">
      <Filter>ソース ファイル\shader</Filter>
    </FxCompile>
    <FxCompile Include="unlitPS.hlsl">
      <Filter>ソース ファイル\shader</Filter>
    </FxCompile>
    <FxCompile Include="unlitVs.hlsl">
      <Filter>ソース ファイル\shader</Filter>
    </FxCompile>
    <FxCompile Include="blinnPhongPS.hlsl">
      <Filter>ソース ファイル\shader</Filter>
    </FxCompile>
    <FxCompile Include="pixelLightingSpotPS.hlsl">
      <Filter>ソース ファイル\shader</Filter>
    </FxCompile>
    <FxCompile Include="pixelLightingSpotVS.hlsl">
      <Filter>ソース ファイル\shader</Filter>
    </FxCompile>
    <FxCompile Include="normalMappingPS.hlsl">
      <Filter>ソース ファイル\shader</Filter>
    </FxCompile>
    <FxCompile Include="normalMappingVS.hlsl">
      <Filter>ソース ファイル\shader</Filter>
    </FxCompile>
    <FxCompile Include="normalMapSpotPS.hlsl">
      <Filter>ソース ファイル\shader</Filter>
    </FxCompile>
    <FxCompile Include="toonVS.hlsl">
      <Filter>ソース ファイル\shader</Filter>
    </FxCompile>
    <FxCompile Include="toonPS.hlsl">
      <Filter>ソース ファイル\shader</Filter>
    </FxCompile>
    <FxCompile Include="envMappingPS.hlsl">
      <Filter>ソース ファイル\shader</Filter>
    </FxCompile>
    <FxCompile Include="envMappingVS.hlsl">
      <Filter>ソース ファイル\shader</Filter>
    </FxCompile>
    <FxCompile Include="depthShadowMappingVS.hlsl">
      <Filter>ソース ファイル\shader</Filter>
    </FxCompile>
    <FxCompile Include="depthShadowMappingPS.hlsl">
      <Filter>ソース ファイル\shader</Filter>
    </FxCompile>
  </ItemGroup>
</Project>